
Microsoft Visual Studio Solution File, Format Version 12.00
# Visual Studio Version 17
VisualStudioVersion = 17.4.33403.182
MinimumVisualStudioVersion = 10.0.40219.1
Project("{FAE04EC0-301F-11D3-BF4B-00C04F79EFBC}") = "LoraInterface", "LoraInterface\LoraInterface.csproj", "{49E87A09-CA39-4BAD-9784-B0C8CFC19094}"
EndProject
Global
	GlobalSection(SolutionConfigurationPlatforms) = preSolution
		Debug|Any CPU = Debug|Any CPU
		Release|Any CPU = Release|Any CPU
	EndGlobalSection
	GlobalSection(ProjectConfigurationPlatforms) = postSolution
		{49E87A09-CA39-4BAD-9784-B0C8CFC19094}.Debug|Any CPU.ActiveCfg = Debug|Any CPU
		{49E87A09-CA39-4BAD-9784-B0C8CFC19094}.Debug|Any CPU.Build.0 = Debug|Any CPU
		{49E87A09-CA39-4BAD-9784-B0C8CFC19094}.Release|Any CPU.ActiveCfg = Release|Any CPU
		{49E87A09-CA39-4BAD-9784-B0C8CFC19094}.Release|Any CPU.Build.0 = Release|Any CPU
	EndGlobalSection
	GlobalSection(SolutionProperties) = preSolution
		HideSolutionNode = FALSE
	EndGlobalSection
	GlobalSection(ExtensibilityGlobals) = postSolution
		SolutionGuid = {DCDC4066-7BF0-4AF7-A492-722D9DE39C32}
	EndGlobalSection
EndGlobal
